
Microsoft Visual Studio Solution File, Format Version 12.00
# Visual Studio 15
VisualStudioVersion = 15.0.28307.421
MinimumVisualStudioVersion = 10.0.40219.1
Project("{FAE04EC0-301F-11D3-BF4B-00C04F79EFBC}") = "Csharp_Study", "Csharp_Study.csproj", "{DA8E1C86-6705-46BD-BB5A-778DC4FB7081}"
EndProject
Global
	GlobalSection(SolutionConfigurationPlatforms) = preSolution
		Debug|Any CPU = Debug|Any CPU
		Release|Any CPU = Release|Any CPU
	EndGlobalSection
	GlobalSection(ProjectConfigurationPlatforms) = postSolution
		{DA8E1C86-6705-46BD-BB5A-778DC4FB7081}.Debug|Any CPU.ActiveCfg = Debug|Any CPU
		{DA8E1C86-6705-46BD-BB5A-778DC4FB7081}.Debug|Any CPU.Build.0 = Debug|Any CPU
		{DA8E1C86-6705-46BD-BB5A-778DC4FB7081}.Release|Any CPU.ActiveCfg = Release|Any CPU
		{DA8E1C86-6705-46BD-BB5A-778DC4FB7081}.Release|Any CPU.Build.0 = Release|Any CPU
	EndGlobalSection
	GlobalSection(SolutionProperties) = preSolution
		HideSolutionNode = FALSE
	EndGlobalSection
	GlobalSection(ExtensibilityGlobals) = postSolution
		SolutionGuid = {937B9B84-F158-4ABE-BE07-8CE9AC981C57}
	EndGlobalSection
EndGlobal
